
Microsoft Visual Studio Solution File, Format Version 12.00
# Visual Studio Version 17
VisualStudioVersion = 17.8.34330.188
MinimumVisualStudioVersion = 10.0.40219.1
Project("{2150E333-8FDC-42A3-9474-1A3956D46DE8}") = "Services", "Services", "{DB261397-1AD2-4DCF-993B-FC97C4E089A7}"
EndProject
Project("{2150E333-8FDC-42A3-9474-1A3956D46DE8}") = "Catalog", "Catalog", "{570210D9-B40E-4D6B-AB07-F957CA694836}"
EndProject
Project("{9A19103F-16F7-4668-BE54-9A1E7A4F7556}") = "Catalog.Api", "Services\Catalog\Catalog.Api\Catalog.Api.csproj", "{01C03335-0BAB-4C86-B9A5-451BAF9E7102}"
EndProject
Project("{9A19103F-16F7-4668-BE54-9A1E7A4F7556}") = "Catalog.Application", "Services\Catalog\Catalog.Application\Catalog.Application.csproj", "{D1912DF1-BCCA-4C4D-A6E6-239D5FC01107}"
EndProject
Project("{9A19103F-16F7-4668-BE54-9A1E7A4F7556}") = "Catalog.Core", "Services\Catalog\Catalog.Core\Catalog.Core.csproj", "{98349720-3445-48AF-BD7D-91EFAC51D43E}"
EndProject
Project("{9A19103F-16F7-4668-BE54-9A1E7A4F7556}") = "Catalog.Infrastructure", "Services\Catalog\Catalog.Infrastructure\Catalog.Infrastructure.csproj", "{816E141A-0017-4A1F-8F8A-37F102BFF95B}"
EndProject
Project("{E53339B2-1760-4266-BCC7-CA923CBCF16C}") = "docker-compose", "docker-compose.dcproj", "{8305E8C5-F18B-4412-9BCC-028F879D7474}"
EndProject
Project("{2150E333-8FDC-42A3-9474-1A3956D46DE8}") = "Basket", "Basket", "{0B8C7A59-D643-4D22-B8E1-F924FF9BEEB5}"
EndProject
Project("{FAE04EC0-301F-11D3-BF4B-00C04F79EFBC}") = "Basket.Application", "Services\Basket\Basket.Application\Basket.Application.csproj", "{3ECE824F-6D4E-4490-AD5E-2CF04434FE0C}"
EndProject
Project("{FAE04EC0-301F-11D3-BF4B-00C04F79EFBC}") = "Basket.Core", "Services\Basket\Basket.Core\Basket.Core.csproj", "{B1D86D1C-3DC7-4C3C-90A1-56A272580A95}"
EndProject
Project("{FAE04EC0-301F-11D3-BF4B-00C04F79EFBC}") = "Basket.Infrastructure", "Services\Basket\Basket.Infrastructure\Basket.Infrastructure.csproj", "{2AEE5BAC-C203-4723-B0BB-6103730B1B24}"
EndProject
Project("{FAE04EC0-301F-11D3-BF4B-00C04F79EFBC}") = "Basket.Api", "Services\Basket\Basket.Api\Basket.Api.csproj", "{28EDECFE-6ADC-466A-B004-ACD1A2F1602C}"
EndProject
Project("{2150E333-8FDC-42A3-9474-1A3956D46DE8}") = "Discount", "Discount", "{46112337-B37A-430D-BE5E-87761F24D8E6}"
EndProject
Project("{FAE04EC0-301F-11D3-BF4B-00C04F79EFBC}") = "Discount.Api", "Services\Discount\Discount.Api\Discount.Api.csproj", "{6E266B64-4AFD-4B60-BBDF-A95E36B5447F}"
EndProject
Project("{FAE04EC0-301F-11D3-BF4B-00C04F79EFBC}") = "Discount.Core", "Services\Discount\Discount.Core\Discount.Core.csproj", "{B9752CEC-40F1-45A8-A7A5-536AEFE2958E}"
EndProject
Project("{FAE04EC0-301F-11D3-BF4B-00C04F79EFBC}") = "Discount.Application", "Services\Discount\Discount.Application\Discount.Application.csproj", "{30013575-26D3-4EC8-A6CA-44768A9A494C}"
EndProject
Project("{FAE04EC0-301F-11D3-BF4B-00C04F79EFBC}") = "Discount.Infrastructure", "Services\Discount\Discount.Infrastructure\Discount.Infrastructure.csproj", "{8D5AA617-8E94-42B3-A308-CA4190806FF5}"
EndProject
Global
	GlobalSection(SolutionConfigurationPlatforms) = preSolution
		Debug|Any CPU = Debug|Any CPU
		Release|Any CPU = Release|Any CPU
	EndGlobalSection
	GlobalSection(ProjectConfigurationPlatforms) = postSolution
		{01C03335-0BAB-4C86-B9A5-451BAF9E7102}.Debug|Any CPU.ActiveCfg = Debug|Any CPU
		{01C03335-0BAB-4C86-B9A5-451BAF9E7102}.Debug|Any CPU.Build.0 = Debug|Any CPU
		{01C03335-0BAB-4C86-B9A5-451BAF9E7102}.Release|Any CPU.ActiveCfg = Release|Any CPU
		{01C03335-0BAB-4C86-B9A5-451BAF9E7102}.Release|Any CPU.Build.0 = Release|Any CPU
		{D1912DF1-BCCA-4C4D-A6E6-239D5FC01107}.Debug|Any CPU.ActiveCfg = Debug|Any CPU
		{D1912DF1-BCCA-4C4D-A6E6-239D5FC01107}.Debug|Any CPU.Build.0 = Debug|Any CPU
		{D1912DF1-BCCA-4C4D-A6E6-239D5FC01107}.Release|Any CPU.ActiveCfg = Release|Any CPU
		{D1912DF1-BCCA-4C4D-A6E6-239D5FC01107}.Release|Any CPU.Build.0 = Release|Any CPU
		{98349720-3445-48AF-BD7D-91EFAC51D43E}.Debug|Any CPU.ActiveCfg = Debug|Any CPU
		{98349720-3445-48AF-BD7D-91EFAC51D43E}.Debug|Any CPU.Build.0 = Debug|Any CPU
		{98349720-3445-48AF-BD7D-91EFAC51D43E}.Release|Any CPU.ActiveCfg = Release|Any CPU
		{98349720-3445-48AF-BD7D-91EFAC51D43E}.Release|Any CPU.Build.0 = Release|Any CPU
		{816E141A-0017-4A1F-8F8A-37F102BFF95B}.Debug|Any CPU.ActiveCfg = Debug|Any CPU
		{816E141A-0017-4A1F-8F8A-37F102BFF95B}.Debug|Any CPU.Build.0 = Debug|Any CPU
		{816E141A-0017-4A1F-8F8A-37F102BFF95B}.Release|Any CPU.ActiveCfg = Release|Any CPU
		{816E141A-0017-4A1F-8F8A-37F102BFF95B}.Release|Any CPU.Build.0 = Release|Any CPU
		{8305E8C5-F18B-4412-9BCC-028F879D7474}.Debug|Any CPU.ActiveCfg = Debug|Any CPU
		{8305E8C5-F18B-4412-9BCC-028F879D7474}.Debug|Any CPU.Build.0 = Debug|Any CPU
		{8305E8C5-F18B-4412-9BCC-028F879D7474}.Release|Any CPU.ActiveCfg = Release|Any CPU
		{8305E8C5-F18B-4412-9BCC-028F879D7474}.Release|Any CPU.Build.0 = Release|Any CPU
		{3ECE824F-6D4E-4490-AD5E-2CF04434FE0C}.Debug|Any CPU.ActiveCfg = Debug|Any CPU
		{3ECE824F-6D4E-4490-AD5E-2CF04434FE0C}.Debug|Any CPU.Build.0 = Debug|Any CPU
		{3ECE824F-6D4E-4490-AD5E-2CF04434FE0C}.Release|Any CPU.ActiveCfg = Release|Any CPU
		{3ECE824F-6D4E-4490-AD5E-2CF04434FE0C}.Release|Any CPU.Build.0 = Release|Any CPU
		{B1D86D1C-3DC7-4C3C-90A1-56A272580A95}.Debug|Any CPU.ActiveCfg = Debug|Any CPU
		{B1D86D1C-3DC7-4C3C-90A1-56A272580A95}.Debug|Any CPU.Build.0 = Debug|Any CPU
		{B1D86D1C-3DC7-4C3C-90A1-56A272580A95}.Release|Any CPU.ActiveCfg = Release|Any CPU
		{B1D86D1C-3DC7-4C3C-90A1-56A272580A95}.Release|Any CPU.Build.0 = Release|Any CPU
		{2AEE5BAC-C203-4723-B0BB-6103730B1B24}.Debug|Any CPU.ActiveCfg = Debug|Any CPU
		{2AEE5BAC-C203-4723-B0BB-6103730B1B24}.Debug|Any CPU.Build.0 = Debug|Any CPU
		{2AEE5BAC-C203-4723-B0BB-6103730B1B24}.Release|Any CPU.ActiveCfg = Release|Any CPU
		{2AEE5BAC-C203-4723-B0BB-6103730B1B24}.Release|Any CPU.Build.0 = Release|Any CPU
		{28EDECFE-6ADC-466A-B004-ACD1A2F1602C}.Debug|Any CPU.ActiveCfg = Debug|Any CPU
		{28EDECFE-6ADC-466A-B004-ACD1A2F1602C}.Debug|Any CPU.Build.0 = Debug|Any CPU
		{28EDECFE-6ADC-466A-B004-ACD1A2F1602C}.Release|Any CPU.ActiveCfg = Release|Any CPU
		{28EDECFE-6ADC-466A-B004-ACD1A2F1602C}.Release|Any CPU.Build.0 = Release|Any CPU
		{6E266B64-4AFD-4B60-BBDF-A95E36B5447F}.Debug|Any CPU.ActiveCfg = Debug|Any CPU
		{6E266B64-4AFD-4B60-BBDF-A95E36B5447F}.Debug|Any CPU.Build.0 = Debug|Any CPU
		{6E266B64-4AFD-4B60-BBDF-A95E36B5447F}.Release|Any CPU.ActiveCfg = Release|Any CPU
		{6E266B64-4AFD-4B60-BBDF-A95E36B5447F}.Release|Any CPU.Build.0 = Release|Any CPU
		{B9752CEC-40F1-45A8-A7A5-536AEFE2958E}.Debug|Any CPU.ActiveCfg = Debug|Any CPU
		{B9752CEC-40F1-45A8-A7A5-536AEFE2958E}.Debug|Any CPU.Build.0 = Debug|Any CPU
		{B9752CEC-40F1-45A8-A7A5-536AEFE2958E}.Release|Any CPU.ActiveCfg = Release|Any CPU
		{B9752CEC-40F1-45A8-A7A5-536AEFE2958E}.Release|Any CPU.Build.0 = Release|Any CPU
		{30013575-26D3-4EC8-A6CA-44768A9A494C}.Debug|Any CPU.ActiveCfg = Debug|Any CPU
		{30013575-26D3-4EC8-A6CA-44768A9A494C}.Debug|Any CPU.Build.0 = Debug|Any CPU
		{30013575-26D3-4EC8-A6CA-44768A9A494C}.Release|Any CPU.ActiveCfg = Release|Any CPU
		{30013575-26D3-4EC8-A6CA-44768A9A494C}.Release|Any CPU.Build.0 = Release|Any CPU
		{8D5AA617-8E94-42B3-A308-CA4190806FF5}.Debug|Any CPU.ActiveCfg = Debug|Any CPU
		{8D5AA617-8E94-42B3-A308-CA4190806FF5}.Debug|Any CPU.Build.0 = Debug|Any CPU
		{8D5AA617-8E94-42B3-A308-CA4190806FF5}.Release|Any CPU.ActiveCfg = Release|Any CPU
		{8D5AA617-8E94-42B3-A308-CA4190806FF5}.Release|Any CPU.Build.0 = Release|Any CPU
	EndGlobalSection
	GlobalSection(SolutionProperties) = preSolution
		HideSolutionNode = FALSE
	EndGlobalSection
	GlobalSection(NestedProjects) = preSolution
		{570210D9-B40E-4D6B-AB07-F957CA694836} = {DB261397-1AD2-4DCF-993B-FC97C4E089A7}
		{01C03335-0BAB-4C86-B9A5-451BAF9E7102} = {570210D9-B40E-4D6B-AB07-F957CA694836}
		{D1912DF1-BCCA-4C4D-A6E6-239D5FC01107} = {570210D9-B40E-4D6B-AB07-F957CA694836}
		{98349720-3445-48AF-BD7D-91EFAC51D43E} = {570210D9-B40E-4D6B-AB07-F957CA694836}
		{816E141A-0017-4A1F-8F8A-37F102BFF95B} = {570210D9-B40E-4D6B-AB07-F957CA694836}
		{0B8C7A59-D643-4D22-B8E1-F924FF9BEEB5} = {DB261397-1AD2-4DCF-993B-FC97C4E089A7}
		{3ECE824F-6D4E-4490-AD5E-2CF04434FE0C} = {0B8C7A59-D643-4D22-B8E1-F924FF9BEEB5}
		{B1D86D1C-3DC7-4C3C-90A1-56A272580A95} = {0B8C7A59-D643-4D22-B8E1-F924FF9BEEB5}
		{2AEE5BAC-C203-4723-B0BB-6103730B1B24} = {0B8C7A59-D643-4D22-B8E1-F924FF9BEEB5}
		{28EDECFE-6ADC-466A-B004-ACD1A2F1602C} = {0B8C7A59-D643-4D22-B8E1-F924FF9BEEB5}
		{46112337-B37A-430D-BE5E-87761F24D8E6} = {DB261397-1AD2-4DCF-993B-FC97C4E089A7}
		{6E266B64-4AFD-4B60-BBDF-A95E36B5447F} = {46112337-B37A-430D-BE5E-87761F24D8E6}
		{B9752CEC-40F1-45A8-A7A5-536AEFE2958E} = {46112337-B37A-430D-BE5E-87761F24D8E6}
		{30013575-26D3-4EC8-A6CA-44768A9A494C} = {46112337-B37A-430D-BE5E-87761F24D8E6}
		{8D5AA617-8E94-42B3-A308-CA4190806FF5} = {46112337-B37A-430D-BE5E-87761F24D8E6}
	EndGlobalSection
	GlobalSection(ExtensibilityGlobals) = postSolution
		SolutionGuid = {6290B929-435F-48A1-AEFA-C3BF8C87ED0A}
	EndGlobalSection
EndGlobal
